{
  "plugin_version": "0.13.2",
  "kernel_version": "0.13.2",
  "contracts": 2,
  "contract_digest": "sha256:3e9a85d0c7b34dfd189e97c866a097306a72fc952f68e42de521a5e4dfa25358",
  "profile": null,
  "profile_digest": "sha256:838709e9084db3a6dd2f34da4689744ecc2b759c72ee2b7ca8516f6002969522",
  "dispatch_binding_digest": "sha256:4f53cda18c2baa0c0354bb5f9a3ecbe5ed12ab4d8e11ba873c2f11161202b945",
  "providers": []
}
